github.com/zhangdapeng520/zdpgo_clearcode v0.1.5 h1:g5+QNkYEMTIAeSKTuyFgHbyIneZAX7cw9ZNhGhuXWuM=
github.com/zhangdapeng520/zdpgo_clearcode v0.1.5/go.mod h1:GwA5f03xPsqTeizxRGBCK56jXgPt4fAaLulYi6Jx48Y=
github.com/zhangdapeng520/zdpgo_lexers v0.1.1 h1:BAhvQdbyjoJ2b5n1t4lixMeHRPesPMwyF9G9YdWx7DU=
github.com/zhangdapeng520/zdpgo_lexers v0.1.1/go.mod h1:k65go1q40ma5U5gyiWIFLV1atsSoKKB09Xiz+RvBmzI=
